// !$*UTF8*$!
{
	archiveVersion = 1;
	classes = {
	};
	objectVersion = 50;
	objects = {

/* Begin PBXBuildFile section */
		8404F1E8212BCABE00F1FAAE /* TableViewController.swift in Sources */ = {isa = PBXBuildFile; fileRef = 8404F1E7212BCABE00F1FAAE /* TableViewController.swift */; };
		8404F1EA212C043E00F1FAAE /* CustomTableViewCell.swift in Sources */ = {isa = PBXBuildFile; fileRef = 8404F1E9212C043E00F1FAAE /* CustomTableViewCell.swift */; };
		843EA56F212A785900E40DCA /* AppDelegate.swift in Sources */ = {isa = PBXBuildFile; fileRef = 843EA56E212A785900E40DCA /* AppDelegate.swift */; };
		843EA571212A785900E40DCA /* ViewController.swift in Sources */ = {isa = PBXBuildFile; fileRef = 843EA570212A785900E40DCA /* ViewController.swift */; };
		843EA574212A785900E40DCA /* Main.storyboard in Resources */ = {isa = PBXBuildFile; fileRef = 843EA572212A785900E40DCA /* Main.storyboard */; };
		843EA576212A785B00E40DCA /* Assets.xcassets in Resources */ = {isa = PBXBuildFile; fileRef = 843EA575212A785B00E40DCA /* Assets.xcassets */; };
		843EA579212A785B00E40DCA /* LaunchScreen.storyboard in Resources */ = {isa = PBXBuildFile; fileRef = 843EA577212A785B00E40DCA /* LaunchScreen.storyboard */; };
		843EA581212A811300E40DCA /* Demo.swift in Sources */ = {isa = PBXBuildFile; fileRef = 843EA580212A811300E40DCA /* Demo.swift */; };
		8499E654212D0FA7005FA715 /* myViewController.swift in Sources */ = {isa = PBXBuildFile; fileRef = 8499E653212D0FA7005FA715 /* myViewController.swift */; };
		8499E656212D1077005FA715 /* secondViewController.swift in Sources */ = {isa = PBXBuildFile; fileRef = 8499E655212D1077005FA715 /* secondViewController.swift */; };
		8499E658212D1EC1005FA715 /* DetailViewController.swift in Sources */ = {isa = PBXBuildFile; fileRef = 8499E657212D1EC1005FA715 /* DetailViewController.swift */; };
		BD392D917ABC82F81C45D38E /* Pods_Hello.framework in Frameworks */ = {isa = PBXBuildFile; fileRef = A914E0B21CBA35CFD14143EC /* Pods_Hello.framework */; };
/* End PBXBuildFile section */

/* Begin PBXFileReference section */
		8404F1E7212BCABE00F1FAAE /* TableViewController.swift */ = {isa = PBXFileReference; lastKnownFileType = sourcecode.swift; path = TableViewController.swift; sourceTree = "<group>"; };
		8404F1E9212C043E00F1FAAE /* CustomTableViewCell.swift */ = {isa = PBXFileReference; lastKnownFileType = sourcecode.swift; path = CustomTableViewCell.swift; sourceTree = "<group>"; };
		843EA56B212A785900E40DCA /* Hello.app */ = {isa = PBXFileReference; explicitFileType = wrapper.application; includeInIndex = 0; path = Hello.app; sourceTree = BUILT_PRODUCTS_DIR; };
		843EA56E212A785900E40DCA /* AppDelegate.swift */ = {isa = PBXFileReference; lastKnownFileType = sourcecode.swift; path = AppDelegate.swift; sourceTree = "<group>"; };
		843EA570212A785900E40DCA /* ViewController.swift */ = {isa = PBXFileReference; lastKnownFileType = sourcecode.swift; path = ViewController.swift; sourceTree = "<group>"; };
		843EA573212A785900E40DCA /* Base */ = {isa = PBXFileReference; lastKnownFileType = file.storyboard; name = Base; path = Base.lproj/Main.storyboard; sourceTree = "<group>"; };
		843EA575212A785B00E40DCA /* Assets.xcassets */ = {isa = PBXFileReference; lastKnownFileType = folder.assetcatalog; path = Assets.xcassets; sourceTree = "<group>"; };
		843EA578212A785B00E40DCA /* Base */ = {isa = PBXFileReference; lastKnownFileType = file.storyboard; name = Base; path = Base.lproj/LaunchScreen.storyboard; sourceTree = "<group>"; };
		843EA57A212A785B00E40DCA /* Info.plist */ = {isa = PBXFileReference; lastKnownFileType = text.plist.xml; path = Info.plist; sourceTree = "<group>"; };
		843EA580212A811300E40DCA /* Demo.swift */ = {isa = PBXFileReference; lastKnownFileType = sourcecode.swift; path = Demo.swift; sourceTree = "<group>"; };
		8499E653212D0FA7005FA715 /* myViewController.swift */ = {isa = PBXFileReference; lastKnownFileType = sourcecode.swift; path = myViewController.swift; sourceTree = "<group>"; };
		8499E655212D1077005FA715 /* secondViewController.swift */ = {isa = PBXFileReference; lastKnownFileType = sourcecode.swift; path = secondViewController.swift; sourceTree = "<group>"; };
		8499E657212D1EC1005FA715 /* DetailViewController.swift */ = {isa = PBXFileReference; lastKnownFileType = sourcecode.swift; path = DetailViewController.swift; sourceTree = "<group>"; };
		A914E0B21CBA35CFD14143EC /* Pods_Hello.framework */ = {isa = PBXFileReference; explicitFileType = wrapper.framework; includeInIndex = 0; path = Pods_Hello.framework; sourceTree = BUILT_PRODUCTS_DIR; };
		B06520E44CB7AD5CF115A3A2 /* Pods-Hello.release.xcconfig */ = {isa = PBXFileReference; includeInIndex = 1; lastKnownFileType = text.xcconfig; name = "Pods-Hello.release.xcconfig"; path = "Pods/Target Support Files/Pods-Hello/Pods-Hello.release.xcconfig"; sourceTree = "<group>"; };
		C28D5B048C34CDD8FFFDADF1 /* Pods-Hello.debug.xcconfig */ = {isa = PBXFileReference; includeInIndex = 1; lastKnownFileType = text.xcconfig; name = "Pods-Hello.debug.xcconfig"; path = "Pods/Target Support Files/Pods-Hello/Pods-Hello.debug.xcconfig"; sourceTree = "<group>"; };
/* End PBXFileReference section */

/* Begin PBXFrameworksBuildPhase section */
		843EA568212A785900E40DCA /* Frameworks */ = {
			isa = PBXFrameworksBuildPhase;
			buildActionMask = 2147483647;
			files = (
				BD392D917ABC82F81C45D38E /* Pods_Hello.framework in Frameworks */,
			);
			runOnlyForDeploymentPostprocessing = 0;
		};
/* End PBXFrameworksBuildPhase section */

/* Begin PBXGroup section */
		5E313D68EC54BD27BBA4D9FC /* Frameworks */ = {
			isa = PBXGroup;
			children = (
				A914E0B21CBA35CFD14143EC /* Pods_Hello.framework */,
			);
			name = Frameworks;
			sourceTree = "<group>";
		};
		843EA562212A785900E40DCA = {
			isa = PBXGroup;
			children = (
				843EA56D212A785900E40DCA /* Hello */,
				843EA56C212A785900E40DCA /* Products */,
				B4438E5B3BA6BA5AA58F9CFC /* Pods */,
				5E313D68EC54BD27BBA4D9FC /* Frameworks */,
			);
			sourceTree = "<group>";
		};
		843EA56C212A785900E40DCA /* Products */ = {
			isa = PBXGroup;
			children = (
				843EA56B212A785900E40DCA /* Hello.app */,
			);
			name = Products;
			sourceTree = "<group>";
		};
		843EA56D212A785900E40DCA /* Hello */ = {
			isa = PBXGroup;
			children = (
				843EA56E212A785900E40DCA /* AppDelegate.swift */,
				843EA570212A785900E40DCA /* ViewController.swift */,
				843EA572212A785900E40DCA /* Main.storyboard */,
				843EA575212A785B00E40DCA /* Assets.xcassets */,
				843EA577212A785B00E40DCA /* LaunchScreen.storyboard */,
				843EA57A212A785B00E40DCA /* Info.plist */,
				843EA580212A811300E40DCA /* Demo.swift */,
				8404F1E7212BCABE00F1FAAE /* TableViewController.swift */,
				8404F1E9212C043E00F1FAAE /* CustomTableViewCell.swift */,
				8499E653212D0FA7005FA715 /* myViewController.swift */,
				8499E655212D1077005FA715 /* secondViewController.swift */,
				8499E657212D1EC1005FA715 /* DetailViewController.swift */,
			);
			path = Hello;
			sourceTree = "<group>";
		};
		B4438E5B3BA6BA5AA58F9CFC /* Pods */ = {
			isa = PBXGroup;
			children = (
				C28D5B048C34CDD8FFFDADF1 /* Pods-Hello.debug.xcconfig */,
				B06520E44CB7AD5CF115A3A2 /* Pods-Hello.release.xcconfig */,
			);
			name = Pods;
			sourceTree = "<group>";
		};
/* End PBXGroup section */

/* Begin PBXNativeTarget section */
		843EA56A212A785900E40DCA /* Hello */ = {
			isa = PBXNativeTarget;
			buildConfigurationList = 843EA57D212A785B00E40DCA /* Build configuration list for PBXNativeTarget "Hello" */;
			buildPhases = (
				8C5CD7AA2302DB67C06810E9 /* [CP] Check Pods Manifest.lock */,
				843EA567212A785900E40DCA /* Sources */,
				843EA568212A785900E40DCA /* Frameworks */,
				843EA569212A785900E40DCA /* Resources */,
				C8A29884CCF00832574D3452 /* [CP] Embed Pods Frameworks */,
			);
			buildRules = (
			);
			dependencies = (
			);
			name = Hello;
			productName = Hello;
			productReference = 843EA56B212A785900E40DCA /* Hello.app */;
			productType = "com.apple.product-type.application";
		};
/* End PBXNativeTarget section */

/* Begin PBXProject section */
		843EA563212A785900E40DCA /* Project object */ = {
			isa = PBXProject;
			attributes = {
				LastSwiftUpdateCheck = 0940;
				LastUpgradeCheck = 0940;
				ORGANIZATIONNAME = admin;
				TargetAttributes = {
					843EA56A212A785900E40DCA = {
						CreatedOnToolsVersion = 9.4.1;
					};
				};
			};
			buildConfigurationList = 843EA566212A785900E40DCA /* Build configuration list for PBXProject "Hello" */;
			compatibilityVersion = "Xcode 9.3";
			developmentRegion = en;
			hasScannedForEncodings = 0;
			knownRegions = (
				en,
				Base,
			);
			mainGroup = 843EA562212A785900E40DCA;
			productRefGroup = 843EA56C212A785900E40DCA /* Products */;
			projectDirPath = "";
			projectRoot = "";
			targets = (
				843EA56A212A785900E40DCA /* Hello */,
			);
		};
/* End PBXProject section */

/* Begin PBXResourcesBuildPhase section */
		843EA569212A785900E40DCA /* Resources */ = {
			isa = PBXResourcesBuildPhase;
			buildActionMask = 2147483647;
			files = (
				843EA579212A785B00E40DCA /* LaunchScreen.storyboard in Resources */,
				843EA576212A785B00E40DCA /* Assets.xcassets in Resources */,
				843EA574212A785900E40DCA /* Main.storyboard in Resources */,
			);
			runOnlyForDeploymentPostprocessing = 0;
		};
/* End PBXResourcesBuildPhase section */

/* Begin PBXShellScriptBuildPhase section */
		8C5CD7AA2302DB67C06810E9 /* [CP] Check Pods Manifest.lock */ = {
			isa = PBXShellScriptBuildPhase;
			buildActionMask = 2147483647;
			files = (
			);
			inputFileListPaths = (
			);
			inputPaths = (
				"${PODS_PODFILE_DIR_PATH}/Podfile.lock",
				"${PODS_ROOT}/Manifest.lock",
			);
			name = "[CP] Check Pods Manifest.lock";
			outputFileListPaths = (
			);
			outputPaths = (
				"$(DERIVED_FILE_DIR)/Pods-Hello-checkManifestLockResult.txt",
			);
			runOnlyForDeploymentPostprocessing = 0;
			shellPath = /bin/sh;
			shellScript = "diff \"${PODS_PODFILE_DIR_PATH}/Podfile.lock\" \"${PODS_ROOT}/Manifest.lock\" > /dev/null\nif [ $? != 0 ] ; then\n    # print error to STDERR\n    echo \"error: The sandbox is not in sync with the Podfile.lock. Run 'pod install' or update your CocoaPods installation.\" >&2\n    exit 1\nfi\n# This output is used by Xcode 'outputs' to avoid re-running this script phase.\necho \"SUCCESS\" > \"${SCRIPT_OUTPUT_FILE_0}\"\n";
			showEnvVarsInLog = 0;
		};
		C8A29884CCF00832574D3452 /* [CP] Embed Pods Frameworks */ = {
			isa = PBXShellScriptBuildPhase;
			buildActionMask = 2147483647;
			files = (
			);
			inputFileListPaths = (
			);
			inputPaths = (
				"${SRCROOT}/Pods/Target Support Files/Pods-Hello/Pods-Hello-frameworks.sh",
				"${BUILT_PRODUCTS_DIR}/Alamofire/Alamofire.framework",
			);
			name = "[CP] Embed Pods Frameworks";
			outputFileListPaths = (
			);
			outputPaths = (
				"${TARGET_BUILD_DIR}/${FRAMEWORKS_FOLDER_PATH}/Alamofire.framework",
			);
			runOnlyForDeploymentPostprocessing = 0;
			shellPath = /bin/sh;
			shellScript = "\"${SRCROOT}/Pods/Target Support Files/Pods-Hello/Pods-Hello-frameworks.sh\"\n";
			showEnvVarsInLog = 0;
		};
/* End PBXShellScriptBuildPhase section */

/* Begin PBXSourcesBuildPhase section */
		843EA567212A785900E40DCA /* Sources */ = {
			isa = PBXSourcesBuildPhase;
			buildActionMask = 2147483647;
			files = (
				843EA571212A785900E40DCA /* ViewController.swift in Sources */,
				8499E656212D1077005FA715 /* secondViewController.swift in Sources */,
				8404F1EA212C043E00F1FAAE /* CustomTableViewCell.swift in Sources */,
				843EA56F212A785900E40DCA /* AppDelegate.swift in Sources */,
				843EA581212A811300E40DCA /* Demo.swift in Sources */,
				8499E654212D0FA7005FA715 /* myViewController.swift in Sources */,
				8404F1E8212BCABE00F1FAAE /* TableViewController.swift in Sources */,
				8499E658212D1EC1005FA715 /* DetailViewController.swift in Sources */,
			);
			runOnlyForDeploymentPostprocessing = 0;
		};
/* End PBXSourcesBuildPhase section */

/* Begin PBXVariantGroup section */
		843EA572212A785900E40DCA /* Main.storyboard */ = {
			isa = PBXVariantGroup;
			children = (
				843EA573212A785900E40DCA /* Base */,
			);
			name = Main.storyboard;
			sourceTree = "<group>";
		};
		843EA577212A785B00E40DCA /* LaunchScreen.storyboard */ = {
			isa = PBXVariantGroup;
			children = (
				843EA578212A785B00E40DCA /* Base */,
			);
			name = LaunchScreen.storyboard;
			sourceTree = "<group>";
		};
/* End PBXVariantGroup section */

/* Begin XCBuildConfiguration section */
		843EA57B212A785B00E40DCA /* Debug */ = {
			isa = XCBuildConfiguration;
			buildSettings = {
				ALWAYS_SEARCH_USER_PATHS = NO;
				CLANG_ANALYZER_NONNULL = YES;
				CLANG_ANALYZER_NUMBER_OBJECT_CONVERSION = YES_AGGRESSIVE;
				CLANG_CXX_LANGUAGE_STANDARD = "gnu++14";
				CLANG_CXX_LIBRARY = "libc++";
				CLANG_ENABLE_MODULES = YES;
				CLANG_ENABLE_OBJC_ARC = YES;
				CLANG_ENABLE_OBJC_WEAK = YES;
				CLANG_WARN_BLOCK_CAPTURE_AUTORELEASING = YES;
				CLANG_WARN_BOOL_CONVERSION = YES;
				CLANG_WARN_COMMA = YES;
				CLANG_WARN_CONSTANT_CONVERSION = YES;
				CLANG_WARN_DEPRECATED_OBJC_IMPLEMENTATIONS = YES;
				CLANG_WARN_DIRECT_OBJC_ISA_USAGE = YES_ERROR;
				CLANG_WARN_DOCUMENTATION_COMMENTS = YES;
				CLANG_WARN_EMPTY_BODY = YES;
				CLANG_WARN_ENUM_CONVERSION = YES;
				CLANG_WARN_INFINITE_RECURSION = YES;
				CLANG_WARN_INT_CONVERSION = YES;
				CLANG_WARN_NON_LITERAL_NULL_CONVERSION = YES;
				CLANG_WARN_OBJC_IMPLICIT_RETAIN_SELF = YES;
				CLANG_WARN_OBJC_LITERAL_CONVERSION = YES;
				CLANG_WARN_OBJC_ROOT_CLASS = YES_ERROR;
				CLANG_WARN_RANGE_LOOP_ANALYSIS = YES;
				CLANG_WARN_STRICT_PROTOTYPES = YES;
				CLANG_WARN_SUSPICIOUS_MOVE = YES;
				CLANG_WARN_UNGUARDED_AVAILABILITY = YES_AGGRESSIVE;
				CLANG_WARN_UNREACHABLE_CODE = YES;
				CLANG_WARN__DUPLICATE_METHOD_MATCH = YES;
				CODE_SIGN_IDENTITY = "iPhone Developer";
				COPY_PHASE_STRIP = NO;
				DEBUG_INFORMATION_FORMAT = dwarf;
				ENABLE_STRICT_OBJC_MSGSEND = YES;
				ENABLE_TESTABILITY = YES;
				GCC_C_LANGUAGE_STANDARD = gnu11;
				GCC_DYNAMIC_NO_PIC = NO;
				GCC_NO_COMMON_BLOCKS = YES;
				GCC_OPTIMIZATION_LEVEL = 0;
				GCC_PREPROCESSOR_DEFINITIONS = (
					"DEBUG=1",
					"$(inherited)",
				);
				GCC_WARN_64_TO_32_BIT_CONVERSION = YES;
				GCC_WARN_ABOUT_RETURN_TYPE = YES_ERROR;
				GCC_WARN_UNDECLARED_SELECTOR = YES;
				GCC_WARN_UNINITIALIZED_AUTOS = YES_AGGRESSIVE;
				GCC_WARN_UNUSED_FUNCTION = YES;
				GCC_WARN_UNUSED_VARIABLE = YES;
				IPHONEOS_DEPLOYMENT_TARGET = 11.4;
				MTL_ENABLE_DEBUG_INFO = YES;
				ONLY_ACTIVE_ARCH = YES;
				SDKROOT = iphoneos;
				SWIFT_ACTIVE_COMPILATION_CONDITIONS = DEBUG;
				SWIFT_OPTIMIZATION_LEVEL = "-Onone";
			};
			name = Debug;
		};
		843EA57C212A785B00E40DCA /* Release */ = {
			isa = XCBuildConfiguration;
			buildSettings = {
				ALWAYS_SEARCH_USER_PATHS = NO;
				CLANG_ANALYZER_NONNULL = YES;
				CLANG_ANALYZER_NUMBER_OBJECT_CONVERSION = YES_AGGRESSIVE;
				CLANG_CXX_LANGUAGE_STANDARD = "gnu++14";
				CLANG_CXX_LIBRARY = "libc++";
				CLANG_ENABLE_MODULES = YES;
				CLANG_ENABLE_OBJC_ARC = YES;
				CLANG_ENABLE_OBJC_WEAK = YES;
				CLANG_WARN_BLOCK_CAPTURE_AUTORELEASING = YES;
				CLANG_WARN_BOOL_CONVERSION = YES;
				CLANG_WARN_COMMA = YES;
				CLANG_WARN_CONSTANT_CONVERSION = YES;
				CLANG_WARN_DEPRECATED_OBJC_IMPLEMENTATIONS = YES;
				CLANG_WARN_DIRECT_OBJC_ISA_USAGE = YES_ERROR;
				CLANG_WARN_DOCUMENTATION_COMMENTS = YES;
				CLANG_WARN_EMPTY_BODY = YES;
				CLANG_WARN_ENUM_CONVERSION = YES;
				CLANG_WARN_INFINITE_RECURSION = YES;
				CLANG_WARN_INT_CONVERSION = YES;
				CLANG_WARN_NON_LITERAL_NULL_CONVERSION = YES;
				CLANG_WARN_OBJC_IMPLICIT_RETAIN_SELF = YES;
				CLANG_WARN_OBJC_LITERAL_CONVERSION = YES;
				CLANG_WARN_OBJC_ROOT_CLASS = YES_ERROR;
				CLANG_WARN_RANGE_LOOP_ANALYSIS = YES;
				CLANG_WARN_STRICT_PROTOTYPES = YES;
				CLANG_WARN_SUSPICIOUS_MOVE = YES;
				CLANG_WARN_UNGUARDED_AVAILABILITY = YES_AGGRESSIVE;
				CLANG_WARN_UNREACHABLE_CODE = YES;
				CLANG_WARN__DUPLICATE_METHOD_MATCH = YES;
				CODE_SIGN_IDENTITY = "iPhone Developer";
				COPY_PHASE_STRIP = NO;
				DEBUG_INFORMATION_FORMAT = "dwarf-with-dsym";
				ENABLE_NS_ASSERTIONS = NO;
				ENABLE_STRICT_OBJC_MSGSEND = YES;
				GCC_C_LANGUAGE_STANDARD = gnu11;
				GCC_NO_COMMON_BLOCKS = YES;
				GCC_WARN_64_TO_32_BIT_CONVERSION = YES;
				GCC_WARN_ABOUT_RETURN_TYPE = YES_ERROR;
				GCC_WARN_UNDECLARED_SELECTOR = YES;
				GCC_WARN_UNINITIALIZED_AUTOS = YES_AGGRESSIVE;
				GCC_WARN_UNUSED_FUNCTION = YES;
				GCC_WARN_UNUSED_VARIABLE = YES;
				IPHONEOS_DEPLOYMENT_TARGET = 11.4;
				MTL_ENABLE_DEBUG_INFO = NO;
				SDKROOT = iphoneos;
				SWIFT_COMPILATION_MODE = wholemodule;
				SWIFT_OPTIMIZATION_LEVEL = "-O";
				VALIDATE_PRODUCT = YES;
			};
			name = Release;
		};
		843EA57E212A785B00E40DCA /* Debug */ = {
			isa = XCBuildConfiguration;
			baseConfigurationReference = C28D5B048C34CDD8FFFDADF1 /* Pods-Hello.debug.xcconfig */;
			buildSettings = {
				ASSETCATALOG_COMPILER_APPICON_NAME = AppIcon;
				CODE_SIGN_STYLE = Automatic;
				DEVELOPMENT_TEAM = E478694R8D;
				INFOPLIST_FILE = Hello/Info.plist;
				LD_RUNPATH_SEARCH_PATHS = (
					"$(inherited)",
					"@executable_path/Frameworks",
				);
				PRODUCT_BUNDLE_IDENTIFIER = com.arit.demo.Hello;
				PRODUCT_NAME = "$(TARGET_NAME)";
				SWIFT_VERSION = 4.0;
				TARGETED_DEVICE_FAMILY = "1,2";
			};
			name = Debug;
		};
		843EA57F212A785B00E40DCA /* Release */ = {
			isa = XCBuildConfiguration;
			baseConfigurationReference = B06520E44CB7AD5CF115A3A2 /* Pods-Hello.release.xcconfig */;
			buildSettings = {
				ASSETCATALOG_COMPILER_APPICON_NAME = AppIcon;
				CODE_SIGN_STYLE = Automatic;
				DEVELOPMENT_TEAM = E478694R8D;
				INFOPLIST_FILE = Hello/Info.plist;
				LD_RUNPATH_SEARCH_PATHS = (
					"$(inherited)",
					"@executable_path/Frameworks",
				);
				PRODUCT_BUNDLE_IDENTIFIER = com.arit.demo.Hello;
				PRODUCT_NAME = "$(TARGET_NAME)";
				SWIFT_VERSION = 4.0;
				TARGETED_DEVICE_FAMILY = "1,2";
			};
			name = Release;
		};
/* End XCBuildConfiguration section */

/* Begin XCConfigurationList section */
		843EA566212A785900E40DCA /* Build configuration list for PBXProject "Hello" */ = {
			isa = XCConfigurationList;
			buildConfigurations = (
				843EA57B212A785B00E40DCA /* Debug */,
				843EA57C212A785B00E40DCA /* Release */,
			);
			defaultConfigurationIsVisible = 0;
			defaultConfigurationName = Release;
		};
		843EA57D212A785B00E40DCA /* Build configuration list for PBXNativeTarget "Hello" */ = {
			isa = XCConfigurationList;
			buildConfigurations = (
				843EA57E212A785B00E40DCA /* Debug */,
				843EA57F212A785B00E40DCA /* Release */,
			);
			defaultConfigurationIsVisible = 0;
			defaultConfigurationName = Release;
		};
/* End XCConfigurationList section */
	};
	rootObject = 843EA563212A785900E40DCA /* Project object */;
}
